
Microsoft Visual Studio Solution File, Format Version 12.00
# Visual Studio 15
VisualStudioVersion = 15.0.28307.168
MinimumVisualStudioVersion = 10.0.40219.1
Project("{FAE04EC0-301F-11D3-BF4B-00C04F79EFBC}") = "Employee", "Employee\Employee.csproj", "{F43DC11C-3BDA-413F-AA47-E1D684A484FC}"
EndProject
Project("{2150E333-8FDC-42A3-9474-1A3956D46DE8}") = "API", "API", "{634F069E-AF45-47AB-971F-8695B8F9994A}"
EndProject
Project("{FAE04EC0-301F-11D3-BF4B-00C04F79EFBC}") = "EmployeeAPI.Controllers", "EmployeeAPI.Controllers\EmployeeAPI.Controllers.csproj", "{98AC8A6B-9570-447C-8ED3-4A70DC6D00A2}"
EndProject
Project("{FAE04EC0-301F-11D3-BF4B-00C04F79EFBC}") = "EmployeeAPI.Implementation", "EmployeeAPI.Implementation\EmployeeAPI.Implementation.csproj", "{C92F1CFC-6466-4674-8ECC-98FEE4EFA6BA}"
EndProject
Project("{FAE04EC0-301F-11D3-BF4B-00C04F79EFBC}") = "EmployeeAPI.Interfaces", "EmployeeAPI.Interfaces\EmployeeAPI.Interfaces.csproj", "{AB91A76E-9128-4841-9288-EB1D49A9079A}"
EndProject
Project("{FAE04EC0-301F-11D3-BF4B-00C04F79EFBC}") = "EmployeeAPI.Types", "EmployeeAPI.Types\EmployeeAPI.Types.csproj", "{E117ACB0-C7AE-444F-BF86-F6D704BF501C}"
EndProject
Project("{2150E333-8FDC-42A3-9474-1A3956D46DE8}") = "Tests", "Tests", "{FB706D0D-566D-4D08-AFC8-909CEFF49AF0}"
EndProject
Project("{FAE04EC0-301F-11D3-BF4B-00C04F79EFBC}") = "UnitTestProject1", "UnitTestProject1\UnitTestProject1.csproj", "{0B157232-819F-4597-9460-B2DF56572F2E}"
EndProject
Global
	GlobalSection(SolutionConfigurationPlatforms) = preSolution
		Debug|Any CPU = Debug|Any CPU
		Release|Any CPU = Release|Any CPU
	EndGlobalSection
	GlobalSection(ProjectConfigurationPlatforms) = postSolution
		{F43DC11C-3BDA-413F-AA47-E1D684A484FC}.Debug|Any CPU.ActiveCfg = Debug|Any CPU
		{F43DC11C-3BDA-413F-AA47-E1D684A484FC}.Debug|Any CPU.Build.0 = Debug|Any CPU
		{F43DC11C-3BDA-413F-AA47-E1D684A484FC}.Release|Any CPU.ActiveCfg = Release|Any CPU
		{F43DC11C-3BDA-413F-AA47-E1D684A484FC}.Release|Any CPU.Build.0 = Release|Any CPU
		{98AC8A6B-9570-447C-8ED3-4A70DC6D00A2}.Debug|Any CPU.ActiveCfg = Debug|Any CPU
		{98AC8A6B-9570-447C-8ED3-4A70DC6D00A2}.Debug|Any CPU.Build.0 = Debug|Any CPU
		{98AC8A6B-9570-447C-8ED3-4A70DC6D00A2}.Release|Any CPU.ActiveCfg = Release|Any CPU
		{98AC8A6B-9570-447C-8ED3-4A70DC6D00A2}.Release|Any CPU.Build.0 = Release|Any CPU
		{C92F1CFC-6466-4674-8ECC-98FEE4EFA6BA}.Debug|Any CPU.ActiveCfg = Debug|Any CPU
		{C92F1CFC-6466-4674-8ECC-98FEE4EFA6BA}.Debug|Any CPU.Build.0 = Debug|Any CPU
		{C92F1CFC-6466-4674-8ECC-98FEE4EFA6BA}.Release|Any CPU.ActiveCfg = Release|Any CPU
		{C92F1CFC-6466-4674-8ECC-98FEE4EFA6BA}.Release|Any CPU.Build.0 = Release|Any CPU
		{AB91A76E-9128-4841-9288-EB1D49A9079A}.Debug|Any CPU.ActiveCfg = Debug|Any CPU
		{AB91A76E-9128-4841-9288-EB1D49A9079A}.Debug|Any CPU.Build.0 = Debug|Any CPU
		{AB91A76E-9128-4841-9288-EB1D49A9079A}.Release|Any CPU.ActiveCfg = Release|Any CPU
		{AB91A76E-9128-4841-9288-EB1D49A9079A}.Release|Any CPU.Build.0 = Release|Any CPU
		{E117ACB0-C7AE-444F-BF86-F6D704BF501C}.Debug|Any CPU.ActiveCfg = Debug|Any CPU
		{E117ACB0-C7AE-444F-BF86-F6D704BF501C}.Debug|Any CPU.Build.0 = Debug|Any CPU
		{E117ACB0-C7AE-444F-BF86-F6D704BF501C}.Release|Any CPU.ActiveCfg = Release|Any CPU
		{E117ACB0-C7AE-444F-BF86-F6D704BF501C}.Release|Any CPU.Build.0 = Release|Any CPU
		{0B157232-819F-4597-9460-B2DF56572F2E}.Debug|Any CPU.ActiveCfg = Debug|Any CPU
		{0B157232-819F-4597-9460-B2DF56572F2E}.Debug|Any CPU.Build.0 = Debug|Any CPU
		{0B157232-819F-4597-9460-B2DF56572F2E}.Release|Any CPU.ActiveCfg = Release|Any CPU
		{0B157232-819F-4597-9460-B2DF56572F2E}.Release|Any CPU.Build.0 = Release|Any CPU
	EndGlobalSection
	GlobalSection(SolutionProperties) = preSolution
		HideSolutionNode = FALSE
	EndGlobalSection
	GlobalSection(NestedProjects) = preSolution
		{98AC8A6B-9570-447C-8ED3-4A70DC6D00A2} = {634F069E-AF45-47AB-971F-8695B8F9994A}
		{C92F1CFC-6466-4674-8ECC-98FEE4EFA6BA} = {634F069E-AF45-47AB-971F-8695B8F9994A}
		{AB91A76E-9128-4841-9288-EB1D49A9079A} = {634F069E-AF45-47AB-971F-8695B8F9994A}
		{E117ACB0-C7AE-444F-BF86-F6D704BF501C} = {634F069E-AF45-47AB-971F-8695B8F9994A}
		{0B157232-819F-4597-9460-B2DF56572F2E} = {FB706D0D-566D-4D08-AFC8-909CEFF49AF0}
	EndGlobalSection
	GlobalSection(ExtensibilityGlobals) = postSolution
		SolutionGuid = {2A0452A7-8106-4FEF-A8D4-2F789A556F44}
	EndGlobalSection
EndGlobal
