
Microsoft Visual Studio Solution File, Format Version 12.00
# Visual Studio 15
VisualStudioVersion = 15.0.28307.168
MinimumVisualStudioVersion = 10.0.40219.1
Project("{FAE04EC0-301F-11D3-BF4B-00C04F79EFBC}") = "Employee Proxy", "Employee Proxy\Employee Proxy.csproj", "{5E36EA88-65D7-4ED3-984C-5DFBE6E93D0C}"
EndProject
Project("{2150E333-8FDC-42A3-9474-1A3956D46DE8}") = "ProxyApi", "ProxyApi", "{6122B617-9E9F-4389-B402-A66035F430F4}"
EndProject
Project("{FAE04EC0-301F-11D3-BF4B-00C04F79EFBC}") = "ProxyApi.Controllers", "ProxyApi.Controllers\ProxyApi.Controllers.csproj", "{FECDE809-6FBD-496F-A004-2CE8E9882F68}"
EndProject
Project("{FAE04EC0-301F-11D3-BF4B-00C04F79EFBC}") = "ProxyApi.Types", "ProxyApi.Types\ProxyApi.Types.csproj", "{995BA5AF-2056-47C6-BA0D-CEDA7B2B8359}"
EndProject
Project("{FAE04EC0-301F-11D3-BF4B-00C04F79EFBC}") = "ProxyApi.Interfaces", "ProxyApi.Interfaces\ProxyApi.Interfaces.csproj", "{9C307ED5-0E48-4EB4-BF25-09565DBBE12D}"
EndProject
Project("{FAE04EC0-301F-11D3-BF4B-00C04F79EFBC}") = "ProxyApi.Implementation", "ProxyApi.Implementation\ProxyApi.Implementation.csproj", "{C0E377A8-6104-46DC-AA44-E15920F2A971}"
EndProject
Project("{2150E333-8FDC-42A3-9474-1A3956D46DE8}") = "UnitTests", "UnitTests", "{24611E4C-FC1F-4226-B6E3-B03939A85936}"
EndProject
Project("{FAE04EC0-301F-11D3-BF4B-00C04F79EFBC}") = "UnitTestProject1", "UnitTestProject1\UnitTestProject1.csproj", "{946298D8-9B2C-48E3-A4D8-75FB019C38F5}"
EndProject
Global
	GlobalSection(SolutionConfigurationPlatforms) = preSolution
		Debug|Any CPU = Debug|Any CPU
		Release|Any CPU = Release|Any CPU
	EndGlobalSection
	GlobalSection(ProjectConfigurationPlatforms) = postSolution
		{5E36EA88-65D7-4ED3-984C-5DFBE6E93D0C}.Debug|Any CPU.ActiveCfg = Debug|Any CPU
		{5E36EA88-65D7-4ED3-984C-5DFBE6E93D0C}.Debug|Any CPU.Build.0 = Debug|Any CPU
		{5E36EA88-65D7-4ED3-984C-5DFBE6E93D0C}.Release|Any CPU.ActiveCfg = Release|Any CPU
		{5E36EA88-65D7-4ED3-984C-5DFBE6E93D0C}.Release|Any CPU.Build.0 = Release|Any CPU
		{FECDE809-6FBD-496F-A004-2CE8E9882F68}.Debug|Any CPU.ActiveCfg = Debug|Any CPU
		{FECDE809-6FBD-496F-A004-2CE8E9882F68}.Debug|Any CPU.Build.0 = Debug|Any CPU
		{FECDE809-6FBD-496F-A004-2CE8E9882F68}.Release|Any CPU.ActiveCfg = Release|Any CPU
		{FECDE809-6FBD-496F-A004-2CE8E9882F68}.Release|Any CPU.Build.0 = Release|Any CPU
		{995BA5AF-2056-47C6-BA0D-CEDA7B2B8359}.Debug|Any CPU.ActiveCfg = Debug|Any CPU
		{995BA5AF-2056-47C6-BA0D-CEDA7B2B8359}.Debug|Any CPU.Build.0 = Debug|Any CPU
		{995BA5AF-2056-47C6-BA0D-CEDA7B2B8359}.Release|Any CPU.ActiveCfg = Release|Any CPU
		{995BA5AF-2056-47C6-BA0D-CEDA7B2B8359}.Release|Any CPU.Build.0 = Release|Any CPU
		{9C307ED5-0E48-4EB4-BF25-09565DBBE12D}.Debug|Any CPU.ActiveCfg = Debug|Any CPU
		{9C307ED5-0E48-4EB4-BF25-09565DBBE12D}.Debug|Any CPU.Build.0 = Debug|Any CPU
		{9C307ED5-0E48-4EB4-BF25-09565DBBE12D}.Release|Any CPU.ActiveCfg = Release|Any CPU
		{9C307ED5-0E48-4EB4-BF25-09565DBBE12D}.Release|Any CPU.Build.0 = Release|Any CPU
		{C0E377A8-6104-46DC-AA44-E15920F2A971}.Debug|Any CPU.ActiveCfg = Debug|Any CPU
		{C0E377A8-6104-46DC-AA44-E15920F2A971}.Debug|Any CPU.Build.0 = Debug|Any CPU
		{C0E377A8-6104-46DC-AA44-E15920F2A971}.Release|Any CPU.ActiveCfg = Release|Any CPU
		{C0E377A8-6104-46DC-AA44-E15920F2A971}.Release|Any CPU.Build.0 = Release|Any CPU
		{946298D8-9B2C-48E3-A4D8-75FB019C38F5}.Debug|Any CPU.ActiveCfg = Debug|Any CPU
		{946298D8-9B2C-48E3-A4D8-75FB019C38F5}.Debug|Any CPU.Build.0 = Debug|Any CPU
		{946298D8-9B2C-48E3-A4D8-75FB019C38F5}.Release|Any CPU.ActiveCfg = Release|Any CPU
		{946298D8-9B2C-48E3-A4D8-75FB019C38F5}.Release|Any CPU.Build.0 = Release|Any CPU
	EndGlobalSection
	GlobalSection(SolutionProperties) = preSolution
		HideSolutionNode = FALSE
	EndGlobalSection
	GlobalSection(NestedProjects) = preSolution
		{FECDE809-6FBD-496F-A004-2CE8E9882F68} = {6122B617-9E9F-4389-B402-A66035F430F4}
		{995BA5AF-2056-47C6-BA0D-CEDA7B2B8359} = {6122B617-9E9F-4389-B402-A66035F430F4}
		{9C307ED5-0E48-4EB4-BF25-09565DBBE12D} = {6122B617-9E9F-4389-B402-A66035F430F4}
		{C0E377A8-6104-46DC-AA44-E15920F2A971} = {6122B617-9E9F-4389-B402-A66035F430F4}
		{946298D8-9B2C-48E3-A4D8-75FB019C38F5} = {24611E4C-FC1F-4226-B6E3-B03939A85936}
	EndGlobalSection
	GlobalSection(ExtensibilityGlobals) = postSolution
		SolutionGuid = {60E13134-8C74-4030-B533-DAC514BD9883}
	EndGlobalSection
EndGlobal
